// !$*UTF8*$!
{
	archiveVersion = 1;
	classes = {
	};
	objectVersion = 46;
	objects = {

/* Begin PBXBuildFile section */
		49BE0A6D1CD149EF00459DAE /* AppDelegate.swift in Sources */ = {isa = PBXBuildFile; fileRef = 49BE0A6C1CD149EF00459DAE /* AppDelegate.swift */; };
		49BE0A6F1CD149F000459DAE /* ViewController.swift in Sources */ = {isa = PBXBuildFile; fileRef = 49BE0A6E1CD149EF00459DAE /* ViewController.swift */; };
		49BE0A721CD149F000459DAE /* Main.storyboard in Resources */ = {isa = PBXBuildFile; fileRef = 49BE0A701CD149F000459DAE /* Main.storyboard */; };
		49BE0A741CD149F000459DAE /* Assets.xcassets in Resources */ = {isa = PBXBuildFile; fileRef = 49BE0A731CD149F000459DAE /* Assets.xcassets */; };
		49BE0A771CD149F000459DAE /* LaunchScreen.storyboard in Resources */ = {isa = PBXBuildFile; fileRef = 49BE0A751CD149F000459DAE /* LaunchScreen.storyboard */; };
		49BE0A7F1CD14EFF00459DAE /* Etapa1.swift in Sources */ = {isa = PBXBuildFile; fileRef = 49BE0A7E1CD14EFF00459DAE /* Etapa1.swift */; };
		49BE0A811CD1590900459DAE /* Etapa2.swift in Sources */ = {isa = PBXBuildFile; fileRef = 49BE0A801CD1590900459DAE /* Etapa2.swift */; };
		49BE0A831CD167CF00459DAE /* Etapa3.swift in Sources */ = {isa = PBXBuildFile; fileRef = 49BE0A821CD167CF00459DAE /* Etapa3.swift */; };
		49BE0A851CD16F3000459DAE /* Etapa4.swift in Sources */ = {isa = PBXBuildFile; fileRef = 49BE0A841CD16F3000459DAE /* Etapa4.swift */; };
/* End PBXBuildFile section */

/* Begin PBXFileReference section */
		49BE0A691CD149EF00459DAE /* PizzApp.app */ = {isa = PBXFileReference; explicitFileType = wrapper.application; includeInIndex = 0; path = PizzApp.app; sourceTree = BUILT_PRODUCTS_DIR; };
		49BE0A6C1CD149EF00459DAE /* AppDelegate.swift */ = {isa = PBXFileReference; lastKnownFileType = sourcecode.swift; path = AppDelegate.swift; sourceTree = "<group>"; };
		49BE0A6E1CD149EF00459DAE /* ViewController.swift */ = {isa = PBXFileReference; lastKnownFileType = sourcecode.swift; path = ViewController.swift; sourceTree = "<group>"; };
		49BE0A711CD149F000459DAE /* Base */ = {isa = PBXFileReference; lastKnownFileType = file.storyboard; name = Base; path = Base.lproj/Main.storyboard; sourceTree = "<group>"; };
		49BE0A731CD149F000459DAE /* Assets.xcassets */ = {isa = PBXFileReference; lastKnownFileType = folder.assetcatalog; path = Assets.xcassets; sourceTree = "<group>"; };
		49BE0A761CD149F000459DAE /* Base */ = {isa = PBXFileReference; lastKnownFileType = file.storyboard; name = Base; path = Base.lproj/LaunchScreen.storyboard; sourceTree = "<group>"; };
		49BE0A781CD149F000459DAE /* Info.plist */ = {isa = PBXFileReference; lastKnownFileType = text.plist.xml; path = Info.plist; sourceTree = "<group>"; };
		49BE0A7E1CD14EFF00459DAE /* Etapa1.swift */ = {isa = PBXFileReference; fileEncoding = 4; lastKnownFileType = sourcecode.swift; path = Etapa1.swift; sourceTree = "<group>"; };
		49BE0A801CD1590900459DAE /* Etapa2.swift */ = {isa = PBXFileReference; fileEncoding = 4; lastKnownFileType = sourcecode.swift; path = Etapa2.swift; sourceTree = "<group>"; };
		49BE0A821CD167CF00459DAE /* Etapa3.swift */ = {isa = PBXFileReference; fileEncoding = 4; lastKnownFileType = sourcecode.swift; path = Etapa3.swift; sourceTree = "<group>"; };
		49BE0A841CD16F3000459DAE /* Etapa4.swift */ = {isa = PBXFileReference; fileEncoding = 4; lastKnownFileType = sourcecode.swift; path = Etapa4.swift; sourceTree = "<group>"; };
/* End PBXFileReference section */

/* Begin PBXFrameworksBuildPhase section */
		49BE0A661CD149EF00459DAE /* Frameworks */ = {
			isa = PBXFrameworksBuildPhase;
			buildActionMask = 2147483647;
			files = (
			);
			runOnlyForDeploymentPostprocessing = 0;
		};
/* End PBXFrameworksBuildPhase section */

/* Begin PBXGroup section */
		49BE0A601CD149EF00459DAE = {
			isa = PBXGroup;
			children = (
				49BE0A6B1CD149EF00459DAE /* PizzApp */,
				49BE0A6A1CD149EF00459DAE /* Products */,
			);
			sourceTree = "<group>";
		};
		49BE0A6A1CD149EF00459DAE /* Products */ = {
			isa = PBXGroup;
			children = (
				49BE0A691CD149EF00459DAE /* PizzApp.app */,
			);
			name = Products;
			sourceTree = "<group>";
		};
		49BE0A6B1CD149EF00459DAE /* PizzApp */ = {
			isa = PBXGroup;
			children = (
				49BE0A6C1CD149EF00459DAE /* AppDelegate.swift */,
				49BE0A6E1CD149EF00459DAE /* ViewController.swift */,
				49BE0A701CD149F000459DAE /* Main.storyboard */,
				49BE0A731CD149F000459DAE /* Assets.xcassets */,
				49BE0A751CD149F000459DAE /* LaunchScreen.storyboard */,
				49BE0A781CD149F000459DAE /* Info.plist */,
				49BE0A7E1CD14EFF00459DAE /* Etapa1.swift */,
				49BE0A801CD1590900459DAE /* Etapa2.swift */,
				49BE0A821CD167CF00459DAE /* Etapa3.swift */,
				49BE0A841CD16F3000459DAE /* Etapa4.swift */,
			);
			path = PizzApp;
			sourceTree = "<group>";
		};
/* End PBXGroup section */

/* Begin PBXNativeTarget section */
		49BE0A681CD149EF00459DAE /* PizzApp */ = {
			isa = PBXNativeTarget;
			buildConfigurationList = 49BE0A7B1CD149F000459DAE /* Build configuration list for PBXNativeTarget "PizzApp" */;
			buildPhases = (
				49BE0A651CD149EF00459DAE /* Sources */,
				49BE0A661CD149EF00459DAE /* Frameworks */,
				49BE0A671CD149EF00459DAE /* Resources */,
			);
			buildRules = (
			);
			dependencies = (
			);
			name = PizzApp;
			productName = PizzApp;
			productReference = 49BE0A691CD149EF00459DAE /* PizzApp.app */;
			productType = "com.apple.product-type.application";
		};
/* End PBXNativeTarget section */

/* Begin PBXProject section */
		49BE0A611CD149EF00459DAE /* Project object */ = {
			isa = PBXProject;
			attributes = {
				LastSwiftUpdateCheck = 0730;
				LastUpgradeCheck = 0730;
				ORGANIZATIONNAME = Ozzcorp;
				TargetAttributes = {
					49BE0A681CD149EF00459DAE = {
						CreatedOnToolsVersion = 7.3;
					};
				};
			};
			buildConfigurationList = 49BE0A641CD149EF00459DAE /* Build configuration list for PBXProject "PizzApp" */;
			compatibilityVersion = "Xcode 3.2";
			developmentRegion = English;
			hasScannedForEncodings = 0;
			knownRegions = (
				en,
				Base,
			);
			mainGroup = 49BE0A601CD149EF00459DAE;
			productRefGroup = 49BE0A6A1CD149EF00459DAE /* Products */;
			projectDirPath = "";
			projectRoot = "";
			targets = (
				49BE0A681CD149EF00459DAE /* PizzApp */,
			);
		};
/* End PBXProject section */

/* Begin PBXResourcesBuildPhase section */
		49BE0A671CD149EF00459DAE /* Resources */ = {
			isa = PBXResourcesBuildPhase;
			buildActionMask = 2147483647;
			files = (
				49BE0A771CD149F000459DAE /* LaunchScreen.storyboard in Resources */,
				49BE0A741CD149F000459DAE /* Assets.xcassets in Resources */,
				49BE0A721CD149F000459DAE /* Main.storyboard in Resources */,
			);
			runOnlyForDeploymentPostprocessing = 0;
		};
/* End PBXResourcesBuildPhase section */

/* Begin PBXSourcesBuildPhase section */
		49BE0A651CD149EF00459DAE /* Sources */ = {
			isa = PBXSourcesBuildPhase;
			buildActionMask = 2147483647;
			files = (
				49BE0A851CD16F3000459DAE /* Etapa4.swift in Sources */,
				49BE0A811CD1590900459DAE /* Etapa2.swift in Sources */,
				49BE0A7F1CD14EFF00459DAE /* Etapa1.swift in Sources */,
				49BE0A6F1CD149F000459DAE /* ViewController.swift in Sources */,
				49BE0A6D1CD149EF00459DAE /* AppDelegate.swift in Sources */,
				49BE0A831CD167CF00459DAE /* Etapa3.swift in Sources */,
			);
			runOnlyForDeploymentPostprocessing = 0;
		};
/* End PBXSourcesBuildPhase section */

/* Begin PBXVariantGroup section */
		49BE0A701CD149F000459DAE /* Main.storyboard */ = {
			isa = PBXVariantGroup;
			children = (
				49BE0A711CD149F000459DAE /* Base */,
			);
			name = Main.storyboard;
			sourceTree = "<group>";
		};
		49BE0A751CD149F000459DAE /* LaunchScreen.storyboard */ = {
			isa = PBXVariantGroup;
			children = (
				49BE0A761CD149F000459DAE /* Base */,
			);
			name = LaunchScreen.storyboard;
			sourceTree = "<group>";
		};
/* End PBXVariantGroup section */

/* Begin XCBuildConfiguration section */
		49BE0A791CD149F000459DAE /* Debug */ = {
			isa = XCBuildConfiguration;
			buildSettings = {
				ALWAYS_SEARCH_USER_PATHS = NO;
				CLANG_ANALYZER_NONNULL = YES;
				CLANG_CXX_LANGUAGE_STANDARD = "gnu++0x";
				CLANG_CXX_LIBRARY = "libc++";
				CLANG_ENABLE_MODULES = YES;
				CLANG_ENABLE_OBJC_ARC = YES;
				CLANG_WARN_BOOL_CONVERSION = YES;
				CLANG_WARN_CONSTANT_CONVERSION = YES;
				CLANG_WARN_DIRECT_OBJC_ISA_USAGE = YES_ERROR;
				CLANG_WARN_EMPTY_BODY = YES;
				CLANG_WARN_ENUM_CONVERSION = YES;
				CLANG_WARN_INT_CONVERSION = YES;
				CLANG_WARN_OBJC_ROOT_CLASS = YES_ERROR;
				CLANG_WARN_UNREACHABLE_CODE = YES;
				CLANG_WARN__DUPLICATE_METHOD_MATCH = YES;
				"CODE_SIGN_IDENTITY[sdk=iphoneos*]" = "iPhone Developer";
				COPY_PHASE_STRIP = NO;
				DEBUG_INFORMATION_FORMAT = dwarf;
				ENABLE_STRICT_OBJC_MSGSEND = YES;
				ENABLE_TESTABILITY = YES;
				GCC_C_LANGUAGE_STANDARD = gnu99;
				GCC_DYNAMIC_NO_PIC = NO;
				GCC_NO_COMMON_BLOCKS = YES;
				GCC_OPTIMIZATION_LEVEL = 0;
				GCC_PREPROCESSOR_DEFINITIONS = (
					"DEBUG=1",
					"$(inherited)",
				);
				GCC_WARN_64_TO_32_BIT_CONVERSION = YES;
				GCC_WARN_ABOUT_RETURN_TYPE = YES_ERROR;
				GCC_WARN_UNDECLARED_SELECTOR = YES;
				GCC_WARN_UNINITIALIZED_AUTOS = YES_AGGRESSIVE;
				GCC_WARN_UNUSED_FUNCTION = YES;
				GCC_WARN_UNUSED_VARIABLE = YES;
				IPHONEOS_DEPLOYMENT_TARGET = 9.3;
				MTL_ENABLE_DEBUG_INFO = YES;
				ONLY_ACTIVE_ARCH = YES;
				SDKROOT = iphoneos;
				SWIFT_OPTIMIZATION_LEVEL = "-Onone";
				TARGETED_DEVICE_FAMILY = "1,2";
			};
			name = Debug;
		};
		49BE0A7A1CD149F000459DAE /* Release */ = {
			isa = XCBuildConfiguration;
			buildSettings = {
				ALWAYS_SEARCH_USER_PATHS = NO;
				CLANG_ANALYZER_NONNULL = YES;
				CLANG_CXX_LANGUAGE_STANDARD = "gnu++0x";
				CLANG_CXX_LIBRARY = "libc++";
				CLANG_ENABLE_MODULES = YES;
				CLANG_ENABLE_OBJC_ARC = YES;
				CLANG_WARN_BOOL_CONVERSION = YES;
				CLANG_WARN_CONSTANT_CONVERSION = YES;
				CLANG_WARN_DIRECT_OBJC_ISA_USAGE = YES_ERROR;
				CLANG_WARN_EMPTY_BODY = YES;
				CLANG_WARN_ENUM_CONVERSION = YES;
				CLANG_WARN_INT_CONVERSION = YES;
				CLANG_WARN_OBJC_ROOT_CLASS = YES_ERROR;
				CLANG_WARN_UNREACHABLE_CODE = YES;
				CLANG_WARN__DUPLICATE_METHOD_MATCH = YES;
				"CODE_SIGN_IDENTITY[sdk=iphoneos*]" = "iPhone Developer";
				COPY_PHASE_STRIP = NO;
				DEBUG_INFORMATION_FORMAT = "dwarf-with-dsym";
				ENABLE_NS_ASSERTIONS = NO;
				ENABLE_STRICT_OBJC_MSGSEND = YES;
				GCC_C_LANGUAGE_STANDARD = gnu99;
				GCC_NO_COMMON_BLOCKS = YES;
				GCC_WARN_64_TO_32_BIT_CONVERSION = YES;
				GCC_WARN_ABOUT_RETURN_TYPE = YES_ERROR;
				GCC_WARN_UNDECLARED_SELECTOR = YES;
				GCC_WARN_UNINITIALIZED_AUTOS = YES_AGGRESSIVE;
				GCC_WARN_UNUSED_FUNCTION = YES;
				GCC_WARN_UNUSED_VARIABLE = YES;
				IPHONEOS_DEPLOYMENT_TARGET = 9.3;
				MTL_ENABLE_DEBUG_INFO = NO;
				SDKROOT = iphoneos;
				TARGETED_DEVICE_FAMILY = "1,2";
				VALIDATE_PRODUCT = YES;
			};
			name = Release;
		};
		49BE0A7C1CD149F000459DAE /* Debug */ = {
			isa = XCBuildConfiguration;
			buildSettings = {
				ASSETCATALOG_COMPILER_APPICON_NAME = AppIcon;
				INFOPLIST_FILE = PizzApp/Info.plist;
				LD_RUNPATH_SEARCH_PATHS = "$(inherited) @executable_path/Frameworks";
				PRODUCT_BUNDLE_IDENTIFIER = Ozzcorp.PizzApp;
				PRODUCT_NAME = "$(TARGET_NAME)";
			};
			name = Debug;
		};
		49BE0A7D1CD149F000459DAE /* Release */ = {
			isa = XCBuildConfiguration;
			buildSettings = {
				ASSETCATALOG_COMPILER_APPICON_NAME = AppIcon;
				INFOPLIST_FILE = PizzApp/Info.plist;
				LD_RUNPATH_SEARCH_PATHS = "$(inherited) @executable_path/Frameworks";
				PRODUCT_BUNDLE_IDENTIFIER = Ozzcorp.PizzApp;
				PRODUCT_NAME = "$(TARGET_NAME)";
			};
			name = Release;
		};
/* End XCBuildConfiguration section */

/* Begin XCConfigurationList section */
		49BE0A641CD149EF00459DAE /* Build configuration list for PBXProject "PizzApp" */ = {
			isa = XCConfigurationList;
			buildConfigurations = (
				49BE0A791CD149F000459DAE /* Debug */,
				49BE0A7A1CD149F000459DAE /* Release */,
			);
			defaultConfigurationIsVisible = 0;
			defaultConfigurationName = Release;
		};
		49BE0A7B1CD149F000459DAE /* Build configuration list for PBXNativeTarget "PizzApp" */ = {
			isa = XCConfigurationList;
			buildConfigurations = (
				49BE0A7C1CD149F000459DAE /* Debug */,
				49BE0A7D1CD149F000459DAE /* Release */,
			);
			defaultConfigurationIsVisible = 0;
		};
/* End XCConfigurationList section */
	};
	rootObject = 49BE0A611CD149EF00459DAE /* Project object */;
}
